
Microsoft Visual Studio Solution File, Format Version 12.00
Project("{FAE04EC0-301F-11D3-BF4B-00C04F79EFBC}") = "Books", "Books.csproj", "{8DAA7299-6C42-44B0-8CD6-93F7D787AAC9}"
EndProject
Global
	GlobalSection(SolutionConfigurationPlatforms) = preSolution
		Debug|Any CPU = Debug|Any CPU
		Release|Any CPU = Release|Any CPU
	EndGlobalSection
	GlobalSection(ProjectConfigurationPlatforms) = postSolution
		{8DAA7299-6C42-44B0-8CD6-93F7D787AAC9}.Debug|Any CPU.ActiveCfg = Debug|Any CPU
		{8DAA7299-6C42-44B0-8CD6-93F7D787AAC9}.Debug|Any CPU.Build.0 = Debug|Any CPU
		{8DAA7299-6C42-44B0-8CD6-93F7D787AAC9}.Release|Any CPU.ActiveCfg = Release|Any CPU
		{8DAA7299-6C42-44B0-8CD6-93F7D787AAC9}.Release|Any CPU.Build.0 = Release|Any CPU
	EndGlobalSection
EndGlobal
